
Microsoft Visual Studio Solution File, Format Version 12.00
Project("{FAE04EC0-301F-11D3-BF4B-00C04F79EFBC}") = "mixi", "mixi\mixi.csproj", "{EAF21AE4-9C93-45CC-AC6C-D8CD58F8743B}"
EndProject
Project("{FAE04EC0-301F-11D3-BF4B-00C04F79EFBC}") = "Mixi.SharedUI", "Mixi.SharedUI\Mixi.SharedUI.csproj", "{C1D0E366-B414-4D4E-A308-59BA0A9BF080}"
EndProject
Project("{FAE04EC0-301F-11D3-BF4B-00C04F79EFBC}") = "Mixi.Api", "Mixi.Api\Mixi.Api.csproj", "{3FB17C29-23F4-477A-AA47-A5E4BEEF6FB3}"
EndProject
Project("{2150E333-8FDC-42A3-9474-1A3956D46DE8}") = "Solution Items", "Solution Items", "{04B75FA2-BB25-41E2-BF67-C97F40EB5959}"
	ProjectSection(SolutionItems) = preProject
		compose.yaml = compose.yaml
	EndProjectSection
EndProject
Project("{FAE04EC0-301F-11D3-BF4B-00C04F79EFBC}") = "Mixi.App", "Mixi.App\Mixi.App.csproj", "{7B0AD36B-9AD4-4223-BD60-394AEAA99A8B}"
EndProject
Global
	GlobalSection(SolutionConfigurationPlatforms) = preSolution
		Debug|Any CPU = Debug|Any CPU
		Release|Any CPU = Release|Any CPU
	EndGlobalSection
	GlobalSection(ProjectConfigurationPlatforms) = postSolution
		{EAF21AE4-9C93-45CC-AC6C-D8CD58F8743B}.Debug|Any CPU.ActiveCfg = Debug|Any CPU
		{EAF21AE4-9C93-45CC-AC6C-D8CD58F8743B}.Debug|Any CPU.Build.0 = Debug|Any CPU
		{EAF21AE4-9C93-45CC-AC6C-D8CD58F8743B}.Release|Any CPU.ActiveCfg = Release|Any CPU
		{EAF21AE4-9C93-45CC-AC6C-D8CD58F8743B}.Release|Any CPU.Build.0 = Release|Any CPU
		{C1D0E366-B414-4D4E-A308-59BA0A9BF080}.Debug|Any CPU.ActiveCfg = Debug|Any CPU
		{C1D0E366-B414-4D4E-A308-59BA0A9BF080}.Debug|Any CPU.Build.0 = Debug|Any CPU
		{C1D0E366-B414-4D4E-A308-59BA0A9BF080}.Release|Any CPU.ActiveCfg = Release|Any CPU
		{C1D0E366-B414-4D4E-A308-59BA0A9BF080}.Release|Any CPU.Build.0 = Release|Any CPU
		{3FB17C29-23F4-477A-AA47-A5E4BEEF6FB3}.Debug|Any CPU.ActiveCfg = Debug|Any CPU
		{3FB17C29-23F4-477A-AA47-A5E4BEEF6FB3}.Debug|Any CPU.Build.0 = Debug|Any CPU
		{3FB17C29-23F4-477A-AA47-A5E4BEEF6FB3}.Release|Any CPU.ActiveCfg = Release|Any CPU
		{3FB17C29-23F4-477A-AA47-A5E4BEEF6FB3}.Release|Any CPU.Build.0 = Release|Any CPU
		{7B0AD36B-9AD4-4223-BD60-394AEAA99A8B}.Debug|Any CPU.ActiveCfg = Debug|Any CPU
		{7B0AD36B-9AD4-4223-BD60-394AEAA99A8B}.Debug|Any CPU.Build.0 = Debug|Any CPU
		{7B0AD36B-9AD4-4223-BD60-394AEAA99A8B}.Release|Any CPU.ActiveCfg = Release|Any CPU
		{7B0AD36B-9AD4-4223-BD60-394AEAA99A8B}.Release|Any CPU.Build.0 = Release|Any CPU
	EndGlobalSection
EndGlobal
